// !$*UTF8*$!
{
	archiveVersion = 1;
	classes = {
	};
	objectVersion = 46;
	objects = {

/* Begin PBXBuildFile section */
		C4952D7D1D78964A006185F2 /* main.m in Sources */ = {isa = PBXBuildFile; fileRef = C4952D7C1D78964A006185F2 /* main.m */; };
		C4952D801D78964A006185F2 /* AppDelegate.m in Sources */ = {isa = PBXBuildFile; fileRef = C4952D7F1D78964A006185F2 /* AppDelegate.m */; };
		C4952D831D78964A006185F2 /* ViewController.m in Sources */ = {isa = PBXBuildFile; fileRef = C4952D821D78964A006185F2 /* ViewController.m */; };
		C4952D861D78964A006185F2 /* Main.storyboard in Resources */ = {isa = PBXBuildFile; fileRef = C4952D841D78964A006185F2 /* Main.storyboard */; };
		C4952D881D78964A006185F2 /* Assets.xcassets in Resources */ = {isa = PBXBuildFile; fileRef = C4952D871D78964A006185F2 /* Assets.xcassets */; };
		C4952D8B1D78964A006185F2 /* LaunchScreen.storyboard in Resources */ = {isa = PBXBuildFile; fileRef = C4952D891D78964A006185F2 /* LaunchScreen.storyboard */; };
		C4952D961D78964A006185F2 /* PruebaTests.m in Sources */ = {isa = PBXBuildFile; fileRef = C4952D951D78964A006185F2 /* PruebaTests.m */; };
		C4952DA11D78964A006185F2 /* PruebaUITests.m in Sources */ = {isa = PBXBuildFile; fileRef = C4952DA01D78964A006185F2 /* PruebaUITests.m */; };
/* End PBXBuildFile section */

/* Begin PBXContainerItemProxy section */
		C4952D921D78964A006185F2 /* PBXContainerItemProxy */ = {
			isa = PBXContainerItemProxy;
			containerPortal = C4952D701D78964A006185F2 /* Project object */;
			proxyType = 1;
			remoteGlobalIDString = C4952D771D78964A006185F2;
			remoteInfo = Prueba;
		};
		C4952D9D1D78964A006185F2 /* PBXContainerItemProxy */ = {
			isa = PBXContainerItemProxy;
			containerPortal = C4952D701D78964A006185F2 /* Project object */;
			proxyType = 1;
			remoteGlobalIDString = C4952D771D78964A006185F2;
			remoteInfo = Prueba;
		};
/* End PBXContainerItemProxy section */

/* Begin PBXFileReference section */
		C4952D781D78964A006185F2 /* Prueba.app */ = {isa = PBXFileReference; explicitFileType = wrapper.application; includeInIndex = 0; path = Prueba.app; sourceTree = BUILT_PRODUCTS_DIR; };
		C4952D7C1D78964A006185F2 /* main.m */ = {isa = PBXFileReference; lastKnownFileType = sourcecode.c.objc; path = main.m; sourceTree = "<group>"; };
		C4952D7E1D78964A006185F2 /* AppDelegate.h */ = {isa = PBXFileReference; lastKnownFileType = sourcecode.c.h; path = AppDelegate.h; sourceTree = "<group>"; };
		C4952D7F1D78964A006185F2 /* AppDelegate.m */ = {isa = PBXFileReference; lastKnownFileType = sourcecode.c.objc; path = AppDelegate.m; sourceTree = "<group>"; };
		C4952D811D78964A006185F2 /* ViewController.h */ = {isa = PBXFileReference; lastKnownFileType = sourcecode.c.h; path = ViewController.h; sourceTree = "<group>"; };
		C4952D821D78964A006185F2 /* ViewController.m */ = {isa = PBXFileReference; lastKnownFileType = sourcecode.c.objc; path = ViewController.m; sourceTree = "<group>"; };
		C4952D851D78964A006185F2 /* Base */ = {isa = PBXFileReference; lastKnownFileType = file.storyboard; name = Base; path = Base.lproj/Main.storyboard; sourceTree = "<group>"; };
		C4952D871D78964A006185F2 /* Assets.xcassets */ = {isa = PBXFileReference; lastKnownFileType = folder.assetcatalog; path = Assets.xcassets; sourceTree = "<group>"; };
		C4952D8A1D78964A006185F2 /* Base */ = {isa = PBXFileReference; lastKnownFileType = file.storyboard; name = Base; path = Base.lproj/LaunchScreen.storyboard; sourceTree = "<group>"; };
		C4952D8C1D78964A006185F2 /* Info.plist */ = {isa = PBXFileReference; lastKnownFileType = text.plist.xml; path = Info.plist; sourceTree = "<group>"; };
		C4952D911D78964A006185F2 /* PruebaTests.xctest */ = {isa = PBXFileReference; explicitFileType = wrapper.cfbundle; includeInIndex = 0; path = PruebaTests.xctest; sourceTree = BUILT_PRODUCTS_DIR; };
		C4952D951D78964A006185F2 /* PruebaTests.m */ = {isa = PBXFileReference; lastKnownFileType = sourcecode.c.objc; path = PruebaTests.m; sourceTree = "<group>"; };
		C4952D971D78964A006185F2 /* Info.plist */ = {isa = PBXFileReference; lastKnownFileType = text.plist.xml; path = Info.plist; sourceTree = "<group>"; };
		C4952D9C1D78964A006185F2 /* PruebaUITests.xctest */ = {isa = PBXFileReference; explicitFileType = wrapper.cfbundle; includeInIndex = 0; path = PruebaUITests.xctest; sourceTree = BUILT_PRODUCTS_DIR; };
		C4952DA01D78964A006185F2 /* PruebaUITests.m */ = {isa = PBXFileReference; lastKnownFileType = sourcecode.c.objc; path = PruebaUITests.m; sourceTree = "<group>"; };
		C4952DA21D78964A006185F2 /* Info.plist */ = {isa = PBXFileReference; lastKnownFileType = text.plist.xml; path = Info.plist; sourceTree = "<group>"; };
/* End PBXFileReference section */

/* Begin PBXFrameworksBuildPhase section */
		C4952D751D78964A006185F2 /* Frameworks */ = {
			isa = PBXFrameworksBuildPhase;
			buildActionMask = 2147483647;
			files = (
			);
			runOnlyForDeploymentPostprocessing = 0;
		};
		C4952D8E1D78964A006185F2 /* Frameworks */ = {
			isa = PBXFrameworksBuildPhase;
			buildActionMask = 2147483647;
			files = (
			);
			runOnlyForDeploymentPostprocessing = 0;
		};
		C4952D991D78964A006185F2 /* Frameworks */ = {
			isa = PBXFrameworksBuildPhase;
			buildActionMask = 2147483647;
			files = (
			);
			runOnlyForDeploymentPostprocessing = 0;
		};
/* End PBXFrameworksBuildPhase section */

/* Begin PBXGroup section */
		C4952D6F1D78964A006185F2 = {
			isa = PBXGroup;
			children = (
				C4952D7A1D78964A006185F2 /* Prueba */,
				C4952D941D78964A006185F2 /* PruebaTests */,
				C4952D9F1D78964A006185F2 /* PruebaUITests */,
				C4952D791D78964A006185F2 /* Products */,
			);
			sourceTree = "<group>";
		};
		C4952D791D78964A006185F2 /* Products */ = {
			isa = PBXGroup;
			children = (
				C4952D781D78964A006185F2 /* Prueba.app */,
				C4952D911D78964A006185F2 /* PruebaTests.xctest */,
				C4952D9C1D78964A006185F2 /* PruebaUITests.xctest */,
			);
			name = Products;
			sourceTree = "<group>";
		};
		C4952D7A1D78964A006185F2 /* Prueba */ = {
			isa = PBXGroup;
			children = (
				C4952D7E1D78964A006185F2 /* AppDelegate.h */,
				C4952D7F1D78964A006185F2 /* AppDelegate.m */,
				C4952D811D78964A006185F2 /* ViewController.h */,
				C4952D821D78964A006185F2 /* ViewController.m */,
				C4952D841D78964A006185F2 /* Main.storyboard */,
				C4952D871D78964A006185F2 /* Assets.xcassets */,
				C4952D891D78964A006185F2 /* LaunchScreen.storyboard */,
				C4952D8C1D78964A006185F2 /* Info.plist */,
				C4952D7B1D78964A006185F2 /* Supporting Files */,
			);
			path = Prueba;
			sourceTree = "<group>";
		};
		C4952D7B1D78964A006185F2 /* Supporting Files */ = {
			isa = PBXGroup;
			children = (
				C4952D7C1D78964A006185F2 /* main.m */,
			);
			name = "Supporting Files";
			sourceTree = "<group>";
		};
		C4952D941D78964A006185F2 /* PruebaTests */ = {
			isa = PBXGroup;
			children = (
				C4952D951D78964A006185F2 /* PruebaTests.m */,
				C4952D971D78964A006185F2 /* Info.plist */,
			);
			path = PruebaTests;
			sourceTree = "<group>";
		};
		C4952D9F1D78964A006185F2 /* PruebaUITests */ = {
			isa = PBXGroup;
			children = (
				C4952DA01D78964A006185F2 /* PruebaUITests.m */,
				C4952DA21D78964A006185F2 /* Info.plist */,
			);
			path = PruebaUITests;
			sourceTree = "<group>";
		};
/* End PBXGroup section */

/* Begin PBXNativeTarget section */
		C4952D771D78964A006185F2 /* Prueba */ = {
			isa = PBXNativeTarget;
			buildConfigurationList = C4952DA51D78964A006185F2 /* Build configuration list for PBXNativeTarget "Prueba" */;
			buildPhases = (
				C4952D741D78964A006185F2 /* Sources */,
				C4952D751D78964A006185F2 /* Frameworks */,
				C4952D761D78964A006185F2 /* Resources */,
			);
			buildRules = (
			);
			dependencies = (
			);
			name = Prueba;
			productName = Prueba;
			productReference = C4952D781D78964A006185F2 /* Prueba.app */;
			productType = "com.apple.product-type.application";
		};
		C4952D901D78964A006185F2 /* PruebaTests */ = {
			isa = PBXNativeTarget;
			buildConfigurationList = C4952DA81D78964A006185F2 /* Build configuration list for PBXNativeTarget "PruebaTests" */;
			buildPhases = (
				C4952D8D1D78964A006185F2 /* Sources */,
				C4952D8E1D78964A006185F2 /* Frameworks */,
				C4952D8F1D78964A006185F2 /* Resources */,
			);
			buildRules = (
			);
			dependencies = (
				C4952D931D78964A006185F2 /* PBXTargetDependency */,
			);
			name = PruebaTests;
			productName = PruebaTests;
			productReference = C4952D911D78964A006185F2 /* PruebaTests.xctest */;
			productType = "com.apple.product-type.bundle.unit-test";
		};
		C4952D9B1D78964A006185F2 /* PruebaUITests */ = {
			isa = PBXNativeTarget;
			buildConfigurationList = C4952DAB1D78964A006185F2 /* Build configuration list for PBXNativeTarget "PruebaUITests" */;
			buildPhases = (
				C4952D981D78964A006185F2 /* Sources */,
				C4952D991D78964A006185F2 /* Frameworks */,
				C4952D9A1D78964A006185F2 /* Resources */,
			);
			buildRules = (
			);
			dependencies = (
				C4952D9E1D78964A006185F2 /* PBXTargetDependency */,
			);
			name = PruebaUITests;
			productName = PruebaUITests;
			productReference = C4952D9C1D78964A006185F2 /* PruebaUITests.xctest */;
			productType = "com.apple.product-type.bundle.ui-testing";
		};
/* End PBXNativeTarget section */

/* Begin PBXProject section */
		C4952D701D78964A006185F2 /* Project object */ = {
			isa = PBXProject;
			attributes = {
				LastUpgradeCheck = 0730;
				ORGANIZATIONNAME = Curso;
				TargetAttributes = {
					C4952D771D78964A006185F2 = {
						CreatedOnToolsVersion = 7.3.1;
					};
					C4952D901D78964A006185F2 = {
						CreatedOnToolsVersion = 7.3.1;
						TestTargetID = C4952D771D78964A006185F2;
					};
					C4952D9B1D78964A006185F2 = {
						CreatedOnToolsVersion = 7.3.1;
						TestTargetID = C4952D771D78964A006185F2;
					};
				};
			};
			buildConfigurationList = C4952D731D78964A006185F2 /* Build configuration list for PBXProject "Prueba" */;
			compatibilityVersion = "Xcode 3.2";
			developmentRegion = English;
			hasScannedForEncodings = 0;
			knownRegions = (
				en,
				Base,
			);
			mainGroup = C4952D6F1D78964A006185F2;
			productRefGroup = C4952D791D78964A006185F2 /* Products */;
			projectDirPath = "";
			projectRoot = "";
			targets = (
				C4952D771D78964A006185F2 /* Prueba */,
				C4952D901D78964A006185F2 /* PruebaTests */,
				C4952D9B1D78964A006185F2 /* PruebaUITests */,
			);
		};
/* End PBXProject section */

/* Begin PBXResourcesBuildPhase section */
		C4952D761D78964A006185F2 /* Resources */ = {
			isa = PBXResourcesBuildPhase;
			buildActionMask = 2147483647;
			files = (
				C4952D8B1D78964A006185F2 /* LaunchScreen.storyboard in Resources */,
				C4952D881D78964A006185F2 /* Assets.xcassets in Resources */,
				C4952D861D78964A006185F2 /* Main.storyboard in Resources */,
			);
			runOnlyForDeploymentPostprocessing = 0;
		};
		C4952D8F1D78964A006185F2 /* Resources */ = {
			isa = PBXResourcesBuildPhase;
			buildActionMask = 2147483647;
			files = (
			);
			runOnlyForDeploymentPostprocessing = 0;
		};
		C4952D9A1D78964A006185F2 /* Resources */ = {
			isa = PBXResourcesBuildPhase;
			buildActionMask = 2147483647;
			files = (
			);
			runOnlyForDeploymentPostprocessing = 0;
		};
/* End PBXResourcesBuildPhase section */

/* Begin PBXSourcesBuildPhase section */
		C4952D741D78964A006185F2 /* Sources */ = {
			isa = PBXSourcesBuildPhase;
			buildActionMask = 2147483647;
			files = (
				C4952D831D78964A006185F2 /* ViewController.m in Sources */,
				C4952D801D78964A006185F2 /* AppDelegate.m in Sources */,
				C4952D7D1D78964A006185F2 /* main.m in Sources */,
			);
			runOnlyForDeploymentPostprocessing = 0;
		};
		C4952D8D1D78964A006185F2 /* Sources */ = {
			isa = PBXSourcesBuildPhase;
			buildActionMask = 2147483647;
			files = (
				C4952D961D78964A006185F2 /* PruebaTests.m in Sources */,
			);
			runOnlyForDeploymentPostprocessing = 0;
		};
		C4952D981D78964A006185F2 /* Sources */ = {
			isa = PBXSourcesBuildPhase;
			buildActionMask = 2147483647;
			files = (
				C4952DA11D78964A006185F2 /* PruebaUITests.m in Sources */,
			);
			runOnlyForDeploymentPostprocessing = 0;
		};
/* End PBXSourcesBuildPhase section */

/* Begin PBXTargetDependency section */
		C4952D931D78964A006185F2 /* PBXTargetDependency */ = {
			isa = PBXTargetDependency;
			target = C4952D771D78964A006185F2 /* Prueba */;
			targetProxy = C4952D921D78964A006185F2 /* PBXContainerItemProxy */;
		};
		C4952D9E1D78964A006185F2 /* PBXTargetDependency */ = {
			isa = PBXTargetDependency;
			target = C4952D771D78964A006185F2 /* Prueba */;
			targetProxy = C4952D9D1D78964A006185F2 /* PBXContainerItemProxy */;
		};
/* End PBXTargetDependency section */

/* Begin PBXVariantGroup section */
		C4952D841D78964A006185F2 /* Main.storyboard */ = {
			isa = PBXVariantGroup;
			children = (
				C4952D851D78964A006185F2 /* Base */,
			);
			name = Main.storyboard;
			sourceTree = "<group>";
		};
		C4952D891D78964A006185F2 /* LaunchScreen.storyboard */ = {
			isa = PBXVariantGroup;
			children = (
				C4952D8A1D78964A006185F2 /* Base */,
			);
			name = LaunchScreen.storyboard;
			sourceTree = "<group>";
		};
/* End PBXVariantGroup section */

/* Begin XCBuildConfiguration section */
		C4952DA31D78964A006185F2 /* Debug */ = {
			isa = XCBuildConfiguration;
			buildSettings = {
				ALWAYS_SEARCH_USER_PATHS = NO;
				CLANG_ANALYZER_NONNULL = YES;
				CLANG_CXX_LANGUAGE_STANDARD = "gnu++0x";
				CLANG_CXX_LIBRARY = "libc++";
				CLANG_ENABLE_MODULES = YES;
				CLANG_ENABLE_OBJC_ARC = YES;
				CLANG_WARN_BOOL_CONVERSION = YES;
				CLANG_WARN_CONSTANT_CONVERSION = YES;
				CLANG_WARN_DIRECT_OBJC_ISA_USAGE = YES_ERROR;
				CLANG_WARN_EMPTY_BODY = YES;
				CLANG_WARN_ENUM_CONVERSION = YES;
				CLANG_WARN_INT_CONVERSION = YES;
				CLANG_WARN_OBJC_ROOT_CLASS = YES_ERROR;
				CLANG_WARN_UNREACHABLE_CODE = YES;
				CLANG_WARN__DUPLICATE_METHOD_MATCH = YES;
				"CODE_SIGN_IDENTITY[sdk=iphoneos*]" = "iPhone Developer";
				COPY_PHASE_STRIP = NO;
				DEBUG_INFORMATION_FORMAT = dwarf;
				ENABLE_STRICT_OBJC_MSGSEND = YES;
				ENABLE_TESTABILITY = YES;
				GCC_C_LANGUAGE_STANDARD = gnu99;
				GCC_DYNAMIC_NO_PIC = NO;
				GCC_NO_COMMON_BLOCKS = YES;
				GCC_OPTIMIZATION_LEVEL = 0;
				GCC_PREPROCESSOR_DEFINITIONS = (
					"DEBUG=1",
					"$(inherited)",
				);
				GCC_WARN_64_TO_32_BIT_CONVERSION = YES;
				GCC_WARN_ABOUT_RETURN_TYPE = YES_ERROR;
				GCC_WARN_UNDECLARED_SELECTOR = YES;
				GCC_WARN_UNINITIALIZED_AUTOS = YES_AGGRESSIVE;
				GCC_WARN_UNUSED_FUNCTION = YES;
				GCC_WARN_UNUSED_VARIABLE = YES;
				IPHONEOS_DEPLOYMENT_TARGET = 9.3;
				MTL_ENABLE_DEBUG_INFO = YES;
				ONLY_ACTIVE_ARCH = YES;
				SDKROOT = iphoneos;
			};
			name = Debug;
		};
		C4952DA41D78964A006185F2 /* Release */ = {
			isa = XCBuildConfiguration;
			buildSettings = {
				ALWAYS_SEARCH_USER_PATHS = NO;
				CLANG_ANALYZER_NONNULL = YES;
				CLANG_CXX_LANGUAGE_STANDARD = "gnu++0x";
				CLANG_CXX_LIBRARY = "libc++";
				CLANG_ENABLE_MODULES = YES;
				CLANG_ENABLE_OBJC_ARC = YES;
				CLANG_WARN_BOOL_CONVERSION = YES;
				CLANG_WARN_CONSTANT_CONVERSION = YES;
				CLANG_WARN_DIRECT_OBJC_ISA_USAGE = YES_ERROR;
				CLANG_WARN_EMPTY_BODY = YES;
				CLANG_WARN_ENUM_CONVERSION = YES;
				CLANG_WARN_INT_CONVERSION = YES;
				CLANG_WARN_OBJC_ROOT_CLASS = YES_ERROR;
				CLANG_WARN_UNREACHABLE_CODE = YES;
				CLANG_WARN__DUPLICATE_METHOD_MATCH = YES;
				"CODE_SIGN_IDENTITY[sdk=iphoneos*]" = "iPhone Developer";
				COPY_PHASE_STRIP = NO;
				DEBUG_INFORMATION_FORMAT = "dwarf-with-dsym";
				ENABLE_NS_ASSERTIONS = NO;
				ENABLE_STRICT_OBJC_MSGSEND = YES;
				GCC_C_LANGUAGE_STANDARD = gnu99;
				GCC_NO_COMMON_BLOCKS = YES;
				GCC_WARN_64_TO_32_BIT_CONVERSION = YES;
				GCC_WARN_ABOUT_RETURN_TYPE = YES_ERROR;
				GCC_WARN_UNDECLARED_SELECTOR = YES;
				GCC_WARN_UNINITIALIZED_AUTOS = YES_AGGRESSIVE;
				GCC_WARN_UNUSED_FUNCTION = YES;
				GCC_WARN_UNUSED_VARIABLE = YES;
				IPHONEOS_DEPLOYMENT_TARGET = 9.3;
				MTL_ENABLE_DEBUG_INFO = NO;
				SDKROOT = iphoneos;
				VALIDATE_PRODUCT = YES;
			};
			name = Release;
		};
		C4952DA61D78964A006185F2 /* Debug */ = {
			isa = XCBuildConfiguration;
			buildSettings = {
				ASSETCATALOG_COMPILER_APPICON_NAME = AppIcon;
				INFOPLIST_FILE = Prueba/Info.plist;
				LD_RUNPATH_SEARCH_PATHS = "$(inherited) @executable_path/Frameworks";
				PRODUCT_BUNDLE_IDENTIFIER = com.curso.Prueba;
				PRODUCT_NAME = "$(TARGET_NAME)";
			};
			name = Debug;
		};
		C4952DA71D78964A006185F2 /* Release */ = {
			isa = XCBuildConfiguration;
			buildSettings = {
				ASSETCATALOG_COMPILER_APPICON_NAME = AppIcon;
				INFOPLIST_FILE = Prueba/Info.plist;
				LD_RUNPATH_SEARCH_PATHS = "$(inherited) @executable_path/Frameworks";
				PRODUCT_BUNDLE_IDENTIFIER = com.curso.Prueba;
				PRODUCT_NAME = "$(TARGET_NAME)";
			};
			name = Release;
		};
		C4952DA91D78964A006185F2 /* Debug */ = {
			isa = XCBuildConfiguration;
			buildSettings = {
				BUNDLE_LOADER = "$(TEST_HOST)";
				INFOPLIST_FILE = PruebaTests/Info.plist;
				LD_RUNPATH_SEARCH_PATHS = "$(inherited) @executable_path/Frameworks @loader_path/Frameworks";
				PRODUCT_BUNDLE_IDENTIFIER = com.curso.PruebaTests;
				PRODUCT_NAME = "$(TARGET_NAME)";
				TEST_HOST = "$(BUILT_PRODUCTS_DIR)/Prueba.app/Prueba";
			};
			name = Debug;
		};
		C4952DAA1D78964A006185F2 /* Release */ = {
			isa = XCBuildConfiguration;
			buildSettings = {
				BUNDLE_LOADER = "$(TEST_HOST)";
				INFOPLIST_FILE = PruebaTests/Info.plist;
				LD_RUNPATH_SEARCH_PATHS = "$(inherited) @executable_path/Frameworks @loader_path/Frameworks";
				PRODUCT_BUNDLE_IDENTIFIER = com.curso.PruebaTests;
				PRODUCT_NAME = "$(TARGET_NAME)";
				TEST_HOST = "$(BUILT_PRODUCTS_DIR)/Prueba.app/Prueba";
			};
			name = Release;
		};
		C4952DAC1D78964A006185F2 /* Debug */ = {
			isa = XCBuildConfiguration;
			buildSettings = {
				INFOPLIST_FILE = PruebaUITests/Info.plist;
				LD_RUNPATH_SEARCH_PATHS = "$(inherited) @executable_path/Frameworks @loader_path/Frameworks";
				PRODUCT_BUNDLE_IDENTIFIER = com.curso.PruebaUITests;
				PRODUCT_NAME = "$(TARGET_NAME)";
				TEST_TARGET_NAME = Prueba;
			};
			name = Debug;
		};
		C4952DAD1D78964A006185F2 /* Release */ = {
			isa = XCBuildConfiguration;
			buildSettings = {
				INFOPLIST_FILE = PruebaUITests/Info.plist;
				LD_RUNPATH_SEARCH_PATHS = "$(inherited) @executable_path/Frameworks @loader_path/Frameworks";
				PRODUCT_BUNDLE_IDENTIFIER = com.curso.PruebaUITests;
				PRODUCT_NAME = "$(TARGET_NAME)";
				TEST_TARGET_NAME = Prueba;
			};
			name = Release;
		};
/* End XCBuildConfiguration section */

/* Begin XCConfigurationList section */
		C4952D731D78964A006185F2 /* Build configuration list for PBXProject "Prueba" */ = {
			isa = XCConfigurationList;
			buildConfigurations = (
				C4952DA31D78964A006185F2 /* Debug */,
				C4952DA41D78964A006185F2 /* Release */,
			);
			defaultConfigurationIsVisible = 0;
			defaultConfigurationName = Release;
		};
		C4952DA51D78964A006185F2 /* Build configuration list for PBXNativeTarget "Prueba" */ = {
			isa = XCConfigurationList;
			buildConfigurations = (
				C4952DA61D78964A006185F2 /* Debug */,
				C4952DA71D78964A006185F2 /* Release */,
			);
			defaultConfigurationIsVisible = 0;
		};
		C4952DA81D78964A006185F2 /* Build configuration list for PBXNativeTarget "PruebaTests" */ = {
			isa = XCConfigurationList;
			buildConfigurations = (
				C4952DA91D78964A006185F2 /* Debug */,
				C4952DAA1D78964A006185F2 /* Release */,
			);
			defaultConfigurationIsVisible = 0;
		};
		C4952DAB1D78964A006185F2 /* Build configuration list for PBXNativeTarget "PruebaUITests" */ = {
			isa = XCConfigurationList;
			buildConfigurations = (
				C4952DAC1D78964A006185F2 /* Debug */,
				C4952DAD1D78964A006185F2 /* Release */,
			);
			defaultConfigurationIsVisible = 0;
		};
/* End XCConfigurationList section */
	};
	rootObject = C4952D701D78964A006185F2 /* Project object */;
}
